
Microsoft Visual Studio Solution File, Format Version 12.00
# Visual Studio 15
VisualStudioVersion = 15.0.27004.2006
MinimumVisualStudioVersion = 10.0.40219.1
Project("{FAE04EC0-301F-11D3-BF4B-00C04F79EFBC}") = "MH_escalacao", "MH_escalacao\MH_escalacao\MH_escalacao.csproj", "{C74044F5-9869-4159-B995-F9E699961CDB}"
EndProject
Project("{FAE04EC0-301F-11D3-BF4B-00C04F79EFBC}") = "MH_escalacao.Droid", "MH_escalacao\MH_escalacao.Droid\MH_escalacao.Droid.csproj", "{F01EA3C9-0D67-444B-AC91-75863491A061}"
EndProject
Global
	GlobalSection(SolutionConfigurationPlatforms) = preSolution
		Debug|Any CPU = Debug|Any CPU
		Release|Any CPU = Release|Any CPU
	EndGlobalSection
	GlobalSection(ProjectConfigurationPlatforms) = postSolution
		{C74044F5-9869-4159-B995-F9E699961CDB}.Debug|Any CPU.ActiveCfg = Debug|Any CPU
		{C74044F5-9869-4159-B995-F9E699961CDB}.Debug|Any CPU.Build.0 = Debug|Any CPU
		{C74044F5-9869-4159-B995-F9E699961CDB}.Release|Any CPU.ActiveCfg = Release|Any CPU
		{C74044F5-9869-4159-B995-F9E699961CDB}.Release|Any CPU.Build.0 = Release|Any CPU
		{F01EA3C9-0D67-444B-AC91-75863491A061}.Debug|Any CPU.ActiveCfg = Debug|Any CPU
		{F01EA3C9-0D67-444B-AC91-75863491A061}.Debug|Any CPU.Build.0 = Debug|Any CPU
		{F01EA3C9-0D67-444B-AC91-75863491A061}.Debug|Any CPU.Deploy.0 = Debug|Any CPU
		{F01EA3C9-0D67-444B-AC91-75863491A061}.Release|Any CPU.ActiveCfg = Release|Any CPU
		{F01EA3C9-0D67-444B-AC91-75863491A061}.Release|Any CPU.Build.0 = Release|Any CPU
		{F01EA3C9-0D67-444B-AC91-75863491A061}.Release|Any CPU.Deploy.0 = Release|Any CPU
	EndGlobalSection
	GlobalSection(SolutionProperties) = preSolution
		HideSolutionNode = FALSE
	EndGlobalSection
	GlobalSection(ExtensibilityGlobals) = postSolution
		SolutionGuid = {3272FC84-6A17-4DED-8870-BECEE0A27D08}
	EndGlobalSection
EndGlobal
