
Microsoft Visual Studio Solution File, Format Version 12.00
# Visual Studio 15
VisualStudioVersion = 15.0.27428.2005
MinimumVisualStudioVersion = 10.0.40219.1
Project("{FAE04EC0-301F-11D3-BF4B-00C04F79EFBC}") = "XamarinContacts.Android", "XamarinContacts\XamarinContacts.Android\XamarinContacts.Android.csproj", "{78ACB59C-A8D6-42A9-B110-167CC71A9706}"
EndProject
Project("{FAE04EC0-301F-11D3-BF4B-00C04F79EFBC}") = "XamarinContacts.iOS", "XamarinContacts\XamarinContacts.iOS\XamarinContacts.iOS.csproj", "{6ADAF5D4-8FDC-4832-967A-95E311D48A48}"
EndProject
Project("{FAE04EC0-301F-11D3-BF4B-00C04F79EFBC}") = "XamarinContacts.UWP", "XamarinContacts\XamarinContacts.UWP\XamarinContacts.UWP.csproj", "{3EDC40E1-9809-41CA-B70F-72F12EF9BB0D}"
EndProject
Project("{FAE04EC0-301F-11D3-BF4B-00C04F79EFBC}") = "XamarinContacts", "XamarinContacts\XamarinContacts\XamarinContacts.csproj", "{12038135-3956-4E1E-A1D5-EA551123DE4F}"
EndProject
Global
	GlobalSection(SolutionConfigurationPlatforms) = preSolution
		Ad-Hoc|Any CPU = Ad-Hoc|Any CPU
		Ad-Hoc|ARM = Ad-Hoc|ARM
		Ad-Hoc|iPhone = Ad-Hoc|iPhone
		Ad-Hoc|iPhoneSimulator = Ad-Hoc|iPhoneSimulator
		Ad-Hoc|x64 = Ad-Hoc|x64
		Ad-Hoc|x86 = Ad-Hoc|x86
		AppStore|Any CPU = AppStore|Any CPU
		AppStore|ARM = AppStore|ARM
		AppStore|iPhone = AppStore|iPhone
		AppStore|iPhoneSimulator = AppStore|iPhoneSimulator
		AppStore|x64 = AppStore|x64
		AppStore|x86 = AppStore|x86
		Debug|Any CPU = Debug|Any CPU
		Debug|ARM = Debug|ARM
		Debug|iPhone = Debug|iPhone
		Debug|iPhoneSimulator = Debug|iPhoneSimulator
		Debug|x64 = Debug|x64
		Debug|x86 = Debug|x86
		Release|Any CPU = Release|Any CPU
		Release|ARM = Release|ARM
		Release|iPhone = Release|iPhone
		Release|iPhoneSimulator = Release|iPhoneSimulator
		Release|x64 = Release|x64
		Release|x86 = Release|x86
	EndGlobalSection
	GlobalSection(ProjectConfigurationPlatforms) = postSolution
		{78ACB59C-A8D6-42A9-B110-167CC71A9706}.Ad-Hoc|Any CPU.ActiveCfg = Release|Any CPU
		{78ACB59C-A8D6-42A9-B110-167CC71A9706}.Ad-Hoc|Any CPU.Build.0 = Release|Any CPU
		{78ACB59C-A8D6-42A9-B110-167CC71A9706}.Ad-Hoc|Any CPU.Deploy.0 = Release|Any CPU
		{78ACB59C-A8D6-42A9-B110-167CC71A9706}.Ad-Hoc|ARM.ActiveCfg = Release|Any CPU
		{78ACB59C-A8D6-42A9-B110-167CC71A9706}.Ad-Hoc|ARM.Build.0 = Release|Any CPU
		{78ACB59C-A8D6-42A9-B110-167CC71A9706}.Ad-Hoc|ARM.Deploy.0 = Release|Any CPU
		{78ACB59C-A8D6-42A9-B110-167CC71A9706}.Ad-Hoc|iPhone.ActiveCfg = Release|Any CPU
		{78ACB59C-A8D6-42A9-B110-167CC71A9706}.Ad-Hoc|iPhone.Build.0 = Release|Any CPU
		{78ACB59C-A8D6-42A9-B110-167CC71A9706}.Ad-Hoc|iPhone.Deploy.0 = Release|Any CPU
		{78ACB59C-A8D6-42A9-B110-167CC71A9706}.Ad-Hoc|iPhoneSimulator.ActiveCfg = Release|Any CPU
		{78ACB59C-A8D6-42A9-B110-167CC71A9706}.Ad-Hoc|iPhoneSimulator.Build.0 = Release|Any CPU
		{78ACB59C-A8D6-42A9-B110-167CC71A9706}.Ad-Hoc|iPhoneSimulator.Deploy.0 = Release|Any CPU
		{78ACB59C-A8D6-42A9-B110-167CC71A9706}.Ad-Hoc|x64.ActiveCfg = Release|Any CPU
		{78ACB59C-A8D6-42A9-B110-167CC71A9706}.Ad-Hoc|x64.Build.0 = Release|Any CPU
		{78ACB59C-A8D6-42A9-B110-167CC71A9706}.Ad-Hoc|x64.Deploy.0 = Release|Any CPU
		{78ACB59C-A8D6-42A9-B110-167CC71A9706}.Ad-Hoc|x86.ActiveCfg = Release|Any CPU
		{78ACB59C-A8D6-42A9-B110-167CC71A9706}.Ad-Hoc|x86.Build.0 = Release|Any CPU
		{78ACB59C-A8D6-42A9-B110-167CC71A9706}.Ad-Hoc|x86.Deploy.0 = Release|Any CPU
		{78ACB59C-A8D6-42A9-B110-167CC71A9706}.AppStore|Any CPU.ActiveCfg = Release|Any CPU
		{78ACB59C-A8D6-42A9-B110-167CC71A9706}.AppStore|Any CPU.Build.0 = Release|Any CPU
		{78ACB59C-A8D6-42A9-B110-167CC71A9706}.AppStore|Any CPU.Deploy.0 = Release|Any CPU
		{78ACB59C-A8D6-42A9-B110-167CC71A9706}.AppStore|ARM.ActiveCfg = Release|Any CPU
		{78ACB59C-A8D6-42A9-B110-167CC71A9706}.AppStore|ARM.Build.0 = Release|Any CPU
		{78ACB59C-A8D6-42A9-B110-167CC71A9706}.AppStore|ARM.Deploy.0 = Release|Any CPU
		{78ACB59C-A8D6-42A9-B110-167CC71A9706}.AppStore|iPhone.ActiveCfg = Release|Any CPU
		{78ACB59C-A8D6-42A9-B110-167CC71A9706}.AppStore|iPhone.Build.0 = Release|Any CPU
		{78ACB59C-A8D6-42A9-B110-167CC71A9706}.AppStore|iPhone.Deploy.0 = Release|Any CPU
		{78ACB59C-A8D6-42A9-B110-167CC71A9706}.AppStore|iPhoneSimulator.ActiveCfg = Release|Any CPU
		{78ACB59C-A8D6-42A9-B110-167CC71A9706}.AppStore|iPhoneSimulator.Build.0 = Release|Any CPU
		{78ACB59C-A8D6-42A9-B110-167CC71A9706}.AppStore|iPhoneSimulator.Deploy.0 = Release|Any CPU
		{78ACB59C-A8D6-42A9-B110-167CC71A9706}.AppStore|x64.ActiveCfg = Release|Any CPU
		{78ACB59C-A8D6-42A9-B110-167CC71A9706}.AppStore|x64.Build.0 = Release|Any CPU
		{78ACB59C-A8D6-42A9-B110-167CC71A9706}.AppStore|x64.Deploy.0 = Release|Any CPU
		{78ACB59C-A8D6-42A9-B110-167CC71A9706}.AppStore|x86.ActiveCfg = Release|Any CPU
		{78ACB59C-A8D6-42A9-B110-167CC71A9706}.AppStore|x86.Build.0 = Release|Any CPU
		{78ACB59C-A8D6-42A9-B110-167CC71A9706}.AppStore|x86.Deploy.0 = Release|Any CPU
		{78ACB59C-A8D6-42A9-B110-167CC71A9706}.Debug|Any CPU.ActiveCfg = Debug|Any CPU
		{78ACB59C-A8D6-42A9-B110-167CC71A9706}.Debug|Any CPU.Build.0 = Debug|Any CPU
		{78ACB59C-A8D6-42A9-B110-167CC71A9706}.Debug|Any CPU.Deploy.0 = Debug|Any CPU
		{78ACB59C-A8D6-42A9-B110-167CC71A9706}.Debug|ARM.ActiveCfg = Debug|Any CPU
		{78ACB59C-A8D6-42A9-B110-167CC71A9706}.Debug|ARM.Build.0 = Debug|Any CPU
		{78ACB59C-A8D6-42A9-B110-167CC71A9706}.Debug|ARM.Deploy.0 = Debug|Any CPU
		{78ACB59C-A8D6-42A9-B110-167CC71A9706}.Debug|iPhone.ActiveCfg = Debug|Any CPU
		{78ACB59C-A8D6-42A9-B110-167CC71A9706}.Debug|iPhone.Build.0 = Debug|Any CPU
		{78ACB59C-A8D6-42A9-B110-167CC71A9706}.Debug|iPhone.Deploy.0 = Debug|Any CPU
		{78ACB59C-A8D6-42A9-B110-167CC71A9706}.Debug|iPhoneSimulator.ActiveCfg = Debug|Any CPU
		{78ACB59C-A8D6-42A9-B110-167CC71A9706}.Debug|iPhoneSimulator.Build.0 = Debug|Any CPU
		{78ACB59C-A8D6-42A9-B110-167CC71A9706}.Debug|iPhoneSimulator.Deploy.0 = Debug|Any CPU
		{78ACB59C-A8D6-42A9-B110-167CC71A9706}.Debug|x64.ActiveCfg = Debug|Any CPU
		{78ACB59C-A8D6-42A9-B110-167CC71A9706}.Debug|x64.Build.0 = Debug|Any CPU
		{78ACB59C-A8D6-42A9-B110-167CC71A9706}.Debug|x64.Deploy.0 = Debug|Any CPU
		{78ACB59C-A8D6-42A9-B110-167CC71A9706}.Debug|x86.ActiveCfg = Debug|Any CPU
		{78ACB59C-A8D6-42A9-B110-167CC71A9706}.Debug|x86.Build.0 = Debug|Any CPU
		{78ACB59C-A8D6-42A9-B110-167CC71A9706}.Debug|x86.Deploy.0 = Debug|Any CPU
		{78ACB59C-A8D6-42A9-B110-167CC71A9706}.Release|Any CPU.ActiveCfg = Release|Any CPU
		{78ACB59C-A8D6-42A9-B110-167CC71A9706}.Release|Any CPU.Build.0 = Release|Any CPU
		{78ACB59C-A8D6-42A9-B110-167CC71A9706}.Release|Any CPU.Deploy.0 = Release|Any CPU
		{78ACB59C-A8D6-42A9-B110-167CC71A9706}.Release|ARM.ActiveCfg = Release|Any CPU
		{78ACB59C-A8D6-42A9-B110-167CC71A9706}.Release|ARM.Build.0 = Release|Any CPU
		{78ACB59C-A8D6-42A9-B110-167CC71A9706}.Release|ARM.Deploy.0 = Release|Any CPU
		{78ACB59C-A8D6-42A9-B110-167CC71A9706}.Release|iPhone.ActiveCfg = Release|Any CPU
		{78ACB59C-A8D6-42A9-B110-167CC71A9706}.Release|iPhone.Build.0 = Release|Any CPU
		{78ACB59C-A8D6-42A9-B110-167CC71A9706}.Release|iPhone.Deploy.0 = Release|Any CPU
		{78ACB59C-A8D6-42A9-B110-167CC71A9706}.Release|iPhoneSimulator.ActiveCfg = Release|Any CPU
		{78ACB59C-A8D6-42A9-B110-167CC71A9706}.Release|iPhoneSimulator.Build.0 = Release|Any CPU
		{78ACB59C-A8D6-42A9-B110-167CC71A9706}.Release|iPhoneSimulator.Deploy.0 = Release|Any CPU
		{78ACB59C-A8D6-42A9-B110-167CC71A9706}.Release|x64.ActiveCfg = Release|Any CPU
		{78ACB59C-A8D6-42A9-B110-167CC71A9706}.Release|x64.Build.0 = Release|Any CPU
		{78ACB59C-A8D6-42A9-B110-167CC71A9706}.Release|x64.Deploy.0 = Release|Any CPU
		{78ACB59C-A8D6-42A9-B110-167CC71A9706}.Release|x86.ActiveCfg = Release|Any CPU
		{78ACB59C-A8D6-42A9-B110-167CC71A9706}.Release|x86.Build.0 = Release|Any CPU
		{78ACB59C-A8D6-42A9-B110-167CC71A9706}.Release|x86.Deploy.0 = Release|Any CPU
		{6ADAF5D4-8FDC-4832-967A-95E311D48A48}.Ad-Hoc|Any CPU.ActiveCfg = Ad-Hoc|iPhone
		{6ADAF5D4-8FDC-4832-967A-95E311D48A48}.Ad-Hoc|ARM.ActiveCfg = Ad-Hoc|iPhone
		{6ADAF5D4-8FDC-4832-967A-95E311D48A48}.Ad-Hoc|iPhone.ActiveCfg = Ad-Hoc|iPhone
		{6ADAF5D4-8FDC-4832-967A-95E311D48A48}.Ad-Hoc|iPhone.Build.0 = Ad-Hoc|iPhone
		{6ADAF5D4-8FDC-4832-967A-95E311D48A48}.Ad-Hoc|iPhoneSimulator.ActiveCfg = Ad-Hoc|iPhoneSimulator
		{6ADAF5D4-8FDC-4832-967A-95E311D48A48}.Ad-Hoc|iPhoneSimulator.Build.0 = Ad-Hoc|iPhoneSimulator
		{6ADAF5D4-8FDC-4832-967A-95E311D48A48}.Ad-Hoc|x64.ActiveCfg = Ad-Hoc|iPhone
		{6ADAF5D4-8FDC-4832-967A-95E311D48A48}.Ad-Hoc|x86.ActiveCfg = Ad-Hoc|iPhone
		{6ADAF5D4-8FDC-4832-967A-95E311D48A48}.AppStore|Any CPU.ActiveCfg = AppStore|iPhone
		{6ADAF5D4-8FDC-4832-967A-95E311D48A48}.AppStore|ARM.ActiveCfg = AppStore|iPhone
		{6ADAF5D4-8FDC-4832-967A-95E311D48A48}.AppStore|iPhone.ActiveCfg = AppStore|iPhone
		{6ADAF5D4-8FDC-4832-967A-95E311D48A48}.AppStore|iPhone.Build.0 = AppStore|iPhone
		{6ADAF5D4-8FDC-4832-967A-95E311D48A48}.AppStore|iPhoneSimulator.ActiveCfg = AppStore|iPhoneSimulator
		{6ADAF5D4-8FDC-4832-967A-95E311D48A48}.AppStore|iPhoneSimulator.Build.0 = AppStore|iPhoneSimulator
		{6ADAF5D4-8FDC-4832-967A-95E311D48A48}.AppStore|x64.ActiveCfg = AppStore|iPhone
		{6ADAF5D4-8FDC-4832-967A-95E311D48A48}.AppStore|x86.ActiveCfg = AppStore|iPhone
		{6ADAF5D4-8FDC-4832-967A-95E311D48A48}.Debug|Any CPU.ActiveCfg = Debug|iPhone
		{6ADAF5D4-8FDC-4832-967A-95E311D48A48}.Debug|ARM.ActiveCfg = Debug|iPhone
		{6ADAF5D4-8FDC-4832-967A-95E311D48A48}.Debug|iPhone.ActiveCfg = Debug|iPhone
		{6ADAF5D4-8FDC-4832-967A-95E311D48A48}.Debug|iPhone.Build.0 = Debug|iPhone
		{6ADAF5D4-8FDC-4832-967A-95E311D48A48}.Debug|iPhoneSimulator.ActiveCfg = Debug|iPhoneSimulator
		{6ADAF5D4-8FDC-4832-967A-95E311D48A48}.Debug|iPhoneSimulator.Build.0 = Debug|iPhoneSimulator
		{6ADAF5D4-8FDC-4832-967A-95E311D48A48}.Debug|x64.ActiveCfg = Debug|iPhone
		{6ADAF5D4-8FDC-4832-967A-95E311D48A48}.Debug|x86.ActiveCfg = Debug|iPhone
		{6ADAF5D4-8FDC-4832-967A-95E311D48A48}.Release|Any CPU.ActiveCfg = Release|iPhone
		{6ADAF5D4-8FDC-4832-967A-95E311D48A48}.Release|ARM.ActiveCfg = Release|iPhone
		{6ADAF5D4-8FDC-4832-967A-95E311D48A48}.Release|iPhone.ActiveCfg = Release|iPhone
		{6ADAF5D4-8FDC-4832-967A-95E311D48A48}.Release|iPhone.Build.0 = Release|iPhone
		{6ADAF5D4-8FDC-4832-967A-95E311D48A48}.Release|iPhoneSimulator.ActiveCfg = Release|iPhoneSimulator
		{6ADAF5D4-8FDC-4832-967A-95E311D48A48}.Release|iPhoneSimulator.Build.0 = Release|iPhoneSimulator
		{6ADAF5D4-8FDC-4832-967A-95E311D48A48}.Release|x64.ActiveCfg = Release|iPhone
		{6ADAF5D4-8FDC-4832-967A-95E311D48A48}.Release|x86.ActiveCfg = Release|iPhone
		{3EDC40E1-9809-41CA-B70F-72F12EF9BB0D}.Ad-Hoc|Any CPU.ActiveCfg = Release|x86
		{3EDC40E1-9809-41CA-B70F-72F12EF9BB0D}.Ad-Hoc|Any CPU.Build.0 = Release|x86
		{3EDC40E1-9809-41CA-B70F-72F12EF9BB0D}.Ad-Hoc|Any CPU.Deploy.0 = Release|x86
		{3EDC40E1-9809-41CA-B70F-72F12EF9BB0D}.Ad-Hoc|ARM.ActiveCfg = Release|ARM
		{3EDC40E1-9809-41CA-B70F-72F12EF9BB0D}.Ad-Hoc|ARM.Build.0 = Release|ARM
		{3EDC40E1-9809-41CA-B70F-72F12EF9BB0D}.Ad-Hoc|ARM.Deploy.0 = Release|ARM
		{3EDC40E1-9809-41CA-B70F-72F12EF9BB0D}.Ad-Hoc|iPhone.ActiveCfg = Release|x86
		{3EDC40E1-9809-41CA-B70F-72F12EF9BB0D}.Ad-Hoc|iPhone.Build.0 = Release|x86
		{3EDC40E1-9809-41CA-B70F-72F12EF9BB0D}.Ad-Hoc|iPhone.Deploy.0 = Release|x86
		{3EDC40E1-9809-41CA-B70F-72F12EF9BB0D}.Ad-Hoc|iPhoneSimulator.ActiveCfg = Release|x86
		{3EDC40E1-9809-41CA-B70F-72F12EF9BB0D}.Ad-Hoc|iPhoneSimulator.Build.0 = Release|x86
		{3EDC40E1-9809-41CA-B70F-72F12EF9BB0D}.Ad-Hoc|iPhoneSimulator.Deploy.0 = Release|x86
		{3EDC40E1-9809-41CA-B70F-72F12EF9BB0D}.Ad-Hoc|x64.ActiveCfg = Release|x64
		{3EDC40E1-9809-41CA-B70F-72F12EF9BB0D}.Ad-Hoc|x64.Build.0 = Release|x64
		{3EDC40E1-9809-41CA-B70F-72F12EF9BB0D}.Ad-Hoc|x64.Deploy.0 = Release|x64
		{3EDC40E1-9809-41CA-B70F-72F12EF9BB0D}.Ad-Hoc|x86.ActiveCfg = Release|x86
		{3EDC40E1-9809-41CA-B70F-72F12EF9BB0D}.Ad-Hoc|x86.Build.0 = Release|x86
		{3EDC40E1-9809-41CA-B70F-72F12EF9BB0D}.Ad-Hoc|x86.Deploy.0 = Release|x86
		{3EDC40E1-9809-41CA-B70F-72F12EF9BB0D}.AppStore|Any CPU.ActiveCfg = Release|x86
		{3EDC40E1-9809-41CA-B70F-72F12EF9BB0D}.AppStore|Any CPU.Build.0 = Release|x86
		{3EDC40E1-9809-41CA-B70F-72F12EF9BB0D}.AppStore|Any CPU.Deploy.0 = Release|x86
		{3EDC40E1-9809-41CA-B70F-72F12EF9BB0D}.AppStore|ARM.ActiveCfg = Release|ARM
		{3EDC40E1-9809-41CA-B70F-72F12EF9BB0D}.AppStore|ARM.Build.0 = Release|ARM
		{3EDC40E1-9809-41CA-B70F-72F12EF9BB0D}.AppStore|ARM.Deploy.0 = Release|ARM
		{3EDC40E1-9809-41CA-B70F-72F12EF9BB0D}.AppStore|iPhone.ActiveCfg = Release|x86
		{3EDC40E1-9809-41CA-B70F-72F12EF9BB0D}.AppStore|iPhone.Build.0 = Release|x86
		{3EDC40E1-9809-41CA-B70F-72F12EF9BB0D}.AppStore|iPhone.Deploy.0 = Release|x86
		{3EDC40E1-9809-41CA-B70F-72F12EF9BB0D}.AppStore|iPhoneSimulator.ActiveCfg = Release|x86
		{3EDC40E1-9809-41CA-B70F-72F12EF9BB0D}.AppStore|iPhoneSimulator.Build.0 = Release|x86
		{3EDC40E1-9809-41CA-B70F-72F12EF9BB0D}.AppStore|iPhoneSimulator.Deploy.0 = Release|x86
		{3EDC40E1-9809-41CA-B70F-72F12EF9BB0D}.AppStore|x64.ActiveCfg = Release|x64
		{3EDC40E1-9809-41CA-B70F-72F12EF9BB0D}.AppStore|x64.Build.0 = Release|x64
		{3EDC40E1-9809-41CA-B70F-72F12EF9BB0D}.AppStore|x64.Deploy.0 = Release|x64
		{3EDC40E1-9809-41CA-B70F-72F12EF9BB0D}.AppStore|x86.ActiveCfg = Release|x86
		{3EDC40E1-9809-41CA-B70F-72F12EF9BB0D}.AppStore|x86.Build.0 = Release|x86
		{3EDC40E1-9809-41CA-B70F-72F12EF9BB0D}.AppStore|x86.Deploy.0 = Release|x86
		{3EDC40E1-9809-41CA-B70F-72F12EF9BB0D}.Debug|Any CPU.ActiveCfg = Debug|x86
		{3EDC40E1-9809-41CA-B70F-72F12EF9BB0D}.Debug|ARM.ActiveCfg = Debug|ARM
		{3EDC40E1-9809-41CA-B70F-72F12EF9BB0D}.Debug|ARM.Build.0 = Debug|ARM
		{3EDC40E1-9809-41CA-B70F-72F12EF9BB0D}.Debug|ARM.Deploy.0 = Debug|ARM
		{3EDC40E1-9809-41CA-B70F-72F12EF9BB0D}.Debug|iPhone.ActiveCfg = Debug|x86
		{3EDC40E1-9809-41CA-B70F-72F12EF9BB0D}.Debug|iPhoneSimulator.ActiveCfg = Debug|x86
		{3EDC40E1-9809-41CA-B70F-72F12EF9BB0D}.Debug|x64.ActiveCfg = Debug|x64
		{3EDC40E1-9809-41CA-B70F-72F12EF9BB0D}.Debug|x64.Build.0 = Debug|x64
		{3EDC40E1-9809-41CA-B70F-72F12EF9BB0D}.Debug|x64.Deploy.0 = Debug|x64
		{3EDC40E1-9809-41CA-B70F-72F12EF9BB0D}.Debug|x86.ActiveCfg = Debug|x86
		{3EDC40E1-9809-41CA-B70F-72F12EF9BB0D}.Debug|x86.Build.0 = Debug|x86
		{3EDC40E1-9809-41CA-B70F-72F12EF9BB0D}.Debug|x86.Deploy.0 = Debug|x86
		{3EDC40E1-9809-41CA-B70F-72F12EF9BB0D}.Release|Any CPU.ActiveCfg = Release|x86
		{3EDC40E1-9809-41CA-B70F-72F12EF9BB0D}.Release|ARM.ActiveCfg = Release|ARM
		{3EDC40E1-9809-41CA-B70F-72F12EF9BB0D}.Release|ARM.Build.0 = Release|ARM
		{3EDC40E1-9809-41CA-B70F-72F12EF9BB0D}.Release|ARM.Deploy.0 = Release|ARM
		{3EDC40E1-9809-41CA-B70F-72F12EF9BB0D}.Release|iPhone.ActiveCfg = Release|x86
		{3EDC40E1-9809-41CA-B70F-72F12EF9BB0D}.Release|iPhoneSimulator.ActiveCfg = Release|x86
		{3EDC40E1-9809-41CA-B70F-72F12EF9BB0D}.Release|x64.ActiveCfg = Release|x64
		{3EDC40E1-9809-41CA-B70F-72F12EF9BB0D}.Release|x64.Build.0 = Release|x64
		{3EDC40E1-9809-41CA-B70F-72F12EF9BB0D}.Release|x64.Deploy.0 = Release|x64
		{3EDC40E1-9809-41CA-B70F-72F12EF9BB0D}.Release|x86.ActiveCfg = Release|x86
		{3EDC40E1-9809-41CA-B70F-72F12EF9BB0D}.Release|x86.Build.0 = Release|x86
		{3EDC40E1-9809-41CA-B70F-72F12EF9BB0D}.Release|x86.Deploy.0 = Release|x86
		{12038135-3956-4E1E-A1D5-EA551123DE4F}.Ad-Hoc|Any CPU.ActiveCfg = Debug|Any CPU
		{12038135-3956-4E1E-A1D5-EA551123DE4F}.Ad-Hoc|Any CPU.Build.0 = Debug|Any CPU
		{12038135-3956-4E1E-A1D5-EA551123DE4F}.Ad-Hoc|ARM.ActiveCfg = Debug|Any CPU
		{12038135-3956-4E1E-A1D5-EA551123DE4F}.Ad-Hoc|ARM.Build.0 = Debug|Any CPU
		{12038135-3956-4E1E-A1D5-EA551123DE4F}.Ad-Hoc|iPhone.ActiveCfg = Debug|Any CPU
		{12038135-3956-4E1E-A1D5-EA551123DE4F}.Ad-Hoc|iPhone.Build.0 = Debug|Any CPU
		{12038135-3956-4E1E-A1D5-EA551123DE4F}.Ad-Hoc|iPhoneSimulator.ActiveCfg = Debug|Any CPU
		{12038135-3956-4E1E-A1D5-EA551123DE4F}.Ad-Hoc|iPhoneSimulator.Build.0 = Debug|Any CPU
		{12038135-3956-4E1E-A1D5-EA551123DE4F}.Ad-Hoc|x64.ActiveCfg = Debug|Any CPU
		{12038135-3956-4E1E-A1D5-EA551123DE4F}.Ad-Hoc|x64.Build.0 = Debug|Any CPU
		{12038135-3956-4E1E-A1D5-EA551123DE4F}.Ad-Hoc|x86.ActiveCfg = Debug|Any CPU
		{12038135-3956-4E1E-A1D5-EA551123DE4F}.Ad-Hoc|x86.Build.0 = Debug|Any CPU
		{12038135-3956-4E1E-A1D5-EA551123DE4F}.AppStore|Any CPU.ActiveCfg = Debug|Any CPU
		{12038135-3956-4E1E-A1D5-EA551123DE4F}.AppStore|Any CPU.Build.0 = Debug|Any CPU
		{12038135-3956-4E1E-A1D5-EA551123DE4F}.AppStore|ARM.ActiveCfg = Debug|Any CPU
		{12038135-3956-4E1E-A1D5-EA551123DE4F}.AppStore|ARM.Build.0 = Debug|Any CPU
		{12038135-3956-4E1E-A1D5-EA551123DE4F}.AppStore|iPhone.ActiveCfg = Debug|Any CPU
		{12038135-3956-4E1E-A1D5-EA551123DE4F}.AppStore|iPhone.Build.0 = Debug|Any CPU
		{12038135-3956-4E1E-A1D5-EA551123DE4F}.AppStore|iPhoneSimulator.ActiveCfg = Debug|Any CPU
		{12038135-3956-4E1E-A1D5-EA551123DE4F}.AppStore|iPhoneSimulator.Build.0 = Debug|Any CPU
		{12038135-3956-4E1E-A1D5-EA551123DE4F}.AppStore|x64.ActiveCfg = Debug|Any CPU
		{12038135-3956-4E1E-A1D5-EA551123DE4F}.AppStore|x64.Build.0 = Debug|Any CPU
		{12038135-3956-4E1E-A1D5-EA551123DE4F}.AppStore|x86.ActiveCfg = Debug|Any CPU
		{12038135-3956-4E1E-A1D5-EA551123DE4F}.AppStore|x86.Build.0 = Debug|Any CPU
		{12038135-3956-4E1E-A1D5-EA551123DE4F}.Debug|Any CPU.ActiveCfg = Debug|Any CPU
		{12038135-3956-4E1E-A1D5-EA551123DE4F}.Debug|Any CPU.Build.0 = Debug|Any CPU
		{12038135-3956-4E1E-A1D5-EA551123DE4F}.Debug|ARM.ActiveCfg = Debug|Any CPU
		{12038135-3956-4E1E-A1D5-EA551123DE4F}.Debug|ARM.Build.0 = Debug|Any CPU
		{12038135-3956-4E1E-A1D5-EA551123DE4F}.Debug|iPhone.ActiveCfg = Debug|Any CPU
		{12038135-3956-4E1E-A1D5-EA551123DE4F}.Debug|iPhone.Build.0 = Debug|Any CPU
		{12038135-3956-4E1E-A1D5-EA551123DE4F}.Debug|iPhoneSimulator.ActiveCfg = Debug|Any CPU
		{12038135-3956-4E1E-A1D5-EA551123DE4F}.Debug|iPhoneSimulator.Build.0 = Debug|Any CPU
		{12038135-3956-4E1E-A1D5-EA551123DE4F}.Debug|x64.ActiveCfg = Debug|Any CPU
		{12038135-3956-4E1E-A1D5-EA551123DE4F}.Debug|x64.Build.0 = Debug|Any CPU
		{12038135-3956-4E1E-A1D5-EA551123DE4F}.Debug|x86.ActiveCfg = Debug|Any CPU
		{12038135-3956-4E1E-A1D5-EA551123DE4F}.Debug|x86.Build.0 = Debug|Any CPU
		{12038135-3956-4E1E-A1D5-EA551123DE4F}.Release|Any CPU.ActiveCfg = Release|Any CPU
		{12038135-3956-4E1E-A1D5-EA551123DE4F}.Release|Any CPU.Build.0 = Release|Any CPU
		{12038135-3956-4E1E-A1D5-EA551123DE4F}.Release|ARM.ActiveCfg = Release|Any CPU
		{12038135-3956-4E1E-A1D5-EA551123DE4F}.Release|ARM.Build.0 = Release|Any CPU
		{12038135-3956-4E1E-A1D5-EA551123DE4F}.Release|iPhone.ActiveCfg = Release|Any CPU
		{12038135-3956-4E1E-A1D5-EA551123DE4F}.Release|iPhone.Build.0 = Release|Any CPU
		{12038135-3956-4E1E-A1D5-EA551123DE4F}.Release|iPhoneSimulator.ActiveCfg = Release|Any CPU
		{12038135-3956-4E1E-A1D5-EA551123DE4F}.Release|iPhoneSimulator.Build.0 = Release|Any CPU
		{12038135-3956-4E1E-A1D5-EA551123DE4F}.Release|x64.ActiveCfg = Release|Any CPU
		{12038135-3956-4E1E-A1D5-EA551123DE4F}.Release|x64.Build.0 = Release|Any CPU
		{12038135-3956-4E1E-A1D5-EA551123DE4F}.Release|x86.ActiveCfg = Release|Any CPU
		{12038135-3956-4E1E-A1D5-EA551123DE4F}.Release|x86.Build.0 = Release|Any CPU
	EndGlobalSection
	GlobalSection(SolutionProperties) = preSolution
		HideSolutionNode = FALSE
	EndGlobalSection
	GlobalSection(ExtensibilityGlobals) = postSolution
		SolutionGuid = {1B3C0C94-8567-48B7-828D-0B9A8B42EF04}
	EndGlobalSection
EndGlobal
