
Microsoft Visual Studio Solution File, Format Version 12.00
# Visual Studio 15
VisualStudioVersion = 15.0.26730.12
MinimumVisualStudioVersion = 10.0.40219.1
Project("{FAE04EC0-301F-11D3-BF4B-00C04F79EFBC}") = "MonkeyHubApp.Android", "MonkeyHubApp\MonkeyHubApp.Android\MonkeyHubApp.Android.csproj", "{CB930BEE-4ADD-4C72-ACD5-48B5521ABCEA}"
EndProject
Project("{FAE04EC0-301F-11D3-BF4B-00C04F79EFBC}") = "MonkeyHubApp", "MonkeyHubApp\MonkeyHubApp\MonkeyHubApp.csproj", "{6488F413-A0B3-4416-BBA6-786E8893AF68}"
EndProject
Project("{FAE04EC0-301F-11D3-BF4B-00C04F79EFBC}") = "MonkeyHubApp.UWP", "MonkeyHubApp\MonkeyHubApp.UWP\MonkeyHubApp.UWP.csproj", "{2D6A708E-F738-4CD9-9CB3-40952319CCA5}"
EndProject
Project("{FAE04EC0-301F-11D3-BF4B-00C04F79EFBC}") = "MonkeyHubApp.iOS", "MonkeyHubApp\MonkeyHubApp.iOS\MonkeyHubApp.iOS.csproj", "{212F222E-AF96-4BE8-86D0-420367231D15}"
EndProject
Global
	GlobalSection(SolutionConfigurationPlatforms) = preSolution
		Ad-Hoc|Any CPU = Ad-Hoc|Any CPU
		Ad-Hoc|ARM = Ad-Hoc|ARM
		Ad-Hoc|iPhone = Ad-Hoc|iPhone
		Ad-Hoc|iPhoneSimulator = Ad-Hoc|iPhoneSimulator
		Ad-Hoc|x64 = Ad-Hoc|x64
		Ad-Hoc|x86 = Ad-Hoc|x86
		AppStore|Any CPU = AppStore|Any CPU
		AppStore|ARM = AppStore|ARM
		AppStore|iPhone = AppStore|iPhone
		AppStore|iPhoneSimulator = AppStore|iPhoneSimulator
		AppStore|x64 = AppStore|x64
		AppStore|x86 = AppStore|x86
		Debug|Any CPU = Debug|Any CPU
		Debug|ARM = Debug|ARM
		Debug|iPhone = Debug|iPhone
		Debug|iPhoneSimulator = Debug|iPhoneSimulator
		Debug|x64 = Debug|x64
		Debug|x86 = Debug|x86
		Release|Any CPU = Release|Any CPU
		Release|ARM = Release|ARM
		Release|iPhone = Release|iPhone
		Release|iPhoneSimulator = Release|iPhoneSimulator
		Release|x64 = Release|x64
		Release|x86 = Release|x86
	EndGlobalSection
	GlobalSection(ProjectConfigurationPlatforms) = postSolution
		{CB930BEE-4ADD-4C72-ACD5-48B5521ABCEA}.Ad-Hoc|Any CPU.ActiveCfg = Release|Any CPU
		{CB930BEE-4ADD-4C72-ACD5-48B5521ABCEA}.Ad-Hoc|Any CPU.Build.0 = Release|Any CPU
		{CB930BEE-4ADD-4C72-ACD5-48B5521ABCEA}.Ad-Hoc|Any CPU.Deploy.0 = Release|Any CPU
		{CB930BEE-4ADD-4C72-ACD5-48B5521ABCEA}.Ad-Hoc|ARM.ActiveCfg = Release|Any CPU
		{CB930BEE-4ADD-4C72-ACD5-48B5521ABCEA}.Ad-Hoc|ARM.Build.0 = Release|Any CPU
		{CB930BEE-4ADD-4C72-ACD5-48B5521ABCEA}.Ad-Hoc|ARM.Deploy.0 = Release|Any CPU
		{CB930BEE-4ADD-4C72-ACD5-48B5521ABCEA}.Ad-Hoc|iPhone.ActiveCfg = Release|Any CPU
		{CB930BEE-4ADD-4C72-ACD5-48B5521ABCEA}.Ad-Hoc|iPhone.Build.0 = Release|Any CPU
		{CB930BEE-4ADD-4C72-ACD5-48B5521ABCEA}.Ad-Hoc|iPhone.Deploy.0 = Release|Any CPU
		{CB930BEE-4ADD-4C72-ACD5-48B5521ABCEA}.Ad-Hoc|iPhoneSimulator.ActiveCfg = Release|Any CPU
		{CB930BEE-4ADD-4C72-ACD5-48B5521ABCEA}.Ad-Hoc|iPhoneSimulator.Build.0 = Release|Any CPU
		{CB930BEE-4ADD-4C72-ACD5-48B5521ABCEA}.Ad-Hoc|iPhoneSimulator.Deploy.0 = Release|Any CPU
		{CB930BEE-4ADD-4C72-ACD5-48B5521ABCEA}.Ad-Hoc|x64.ActiveCfg = Release|Any CPU
		{CB930BEE-4ADD-4C72-ACD5-48B5521ABCEA}.Ad-Hoc|x64.Build.0 = Release|Any CPU
		{CB930BEE-4ADD-4C72-ACD5-48B5521ABCEA}.Ad-Hoc|x64.Deploy.0 = Release|Any CPU
		{CB930BEE-4ADD-4C72-ACD5-48B5521ABCEA}.Ad-Hoc|x86.ActiveCfg = Release|Any CPU
		{CB930BEE-4ADD-4C72-ACD5-48B5521ABCEA}.Ad-Hoc|x86.Build.0 = Release|Any CPU
		{CB930BEE-4ADD-4C72-ACD5-48B5521ABCEA}.Ad-Hoc|x86.Deploy.0 = Release|Any CPU
		{CB930BEE-4ADD-4C72-ACD5-48B5521ABCEA}.AppStore|Any CPU.ActiveCfg = Release|Any CPU
		{CB930BEE-4ADD-4C72-ACD5-48B5521ABCEA}.AppStore|Any CPU.Build.0 = Release|Any CPU
		{CB930BEE-4ADD-4C72-ACD5-48B5521ABCEA}.AppStore|Any CPU.Deploy.0 = Release|Any CPU
		{CB930BEE-4ADD-4C72-ACD5-48B5521ABCEA}.AppStore|ARM.ActiveCfg = Release|Any CPU
		{CB930BEE-4ADD-4C72-ACD5-48B5521ABCEA}.AppStore|ARM.Build.0 = Release|Any CPU
		{CB930BEE-4ADD-4C72-ACD5-48B5521ABCEA}.AppStore|ARM.Deploy.0 = Release|Any CPU
		{CB930BEE-4ADD-4C72-ACD5-48B5521ABCEA}.AppStore|iPhone.ActiveCfg = Release|Any CPU
		{CB930BEE-4ADD-4C72-ACD5-48B5521ABCEA}.AppStore|iPhone.Build.0 = Release|Any CPU
		{CB930BEE-4ADD-4C72-ACD5-48B5521ABCEA}.AppStore|iPhone.Deploy.0 = Release|Any CPU
		{CB930BEE-4ADD-4C72-ACD5-48B5521ABCEA}.AppStore|iPhoneSimulator.ActiveCfg = Release|Any CPU
		{CB930BEE-4ADD-4C72-ACD5-48B5521ABCEA}.AppStore|iPhoneSimulator.Build.0 = Release|Any CPU
		{CB930BEE-4ADD-4C72-ACD5-48B5521ABCEA}.AppStore|iPhoneSimulator.Deploy.0 = Release|Any CPU
		{CB930BEE-4ADD-4C72-ACD5-48B5521ABCEA}.AppStore|x64.ActiveCfg = Release|Any CPU
		{CB930BEE-4ADD-4C72-ACD5-48B5521ABCEA}.AppStore|x64.Build.0 = Release|Any CPU
		{CB930BEE-4ADD-4C72-ACD5-48B5521ABCEA}.AppStore|x64.Deploy.0 = Release|Any CPU
		{CB930BEE-4ADD-4C72-ACD5-48B5521ABCEA}.AppStore|x86.ActiveCfg = Release|Any CPU
		{CB930BEE-4ADD-4C72-ACD5-48B5521ABCEA}.AppStore|x86.Build.0 = Release|Any CPU
		{CB930BEE-4ADD-4C72-ACD5-48B5521ABCEA}.AppStore|x86.Deploy.0 = Release|Any CPU
		{CB930BEE-4ADD-4C72-ACD5-48B5521ABCEA}.Debug|Any CPU.ActiveCfg = Debug|Any CPU
		{CB930BEE-4ADD-4C72-ACD5-48B5521ABCEA}.Debug|Any CPU.Build.0 = Debug|Any CPU
		{CB930BEE-4ADD-4C72-ACD5-48B5521ABCEA}.Debug|Any CPU.Deploy.0 = Debug|Any CPU
		{CB930BEE-4ADD-4C72-ACD5-48B5521ABCEA}.Debug|ARM.ActiveCfg = Debug|Any CPU
		{CB930BEE-4ADD-4C72-ACD5-48B5521ABCEA}.Debug|ARM.Build.0 = Debug|Any CPU
		{CB930BEE-4ADD-4C72-ACD5-48B5521ABCEA}.Debug|ARM.Deploy.0 = Debug|Any CPU
		{CB930BEE-4ADD-4C72-ACD5-48B5521ABCEA}.Debug|iPhone.ActiveCfg = Debug|Any CPU
		{CB930BEE-4ADD-4C72-ACD5-48B5521ABCEA}.Debug|iPhone.Build.0 = Debug|Any CPU
		{CB930BEE-4ADD-4C72-ACD5-48B5521ABCEA}.Debug|iPhone.Deploy.0 = Debug|Any CPU
		{CB930BEE-4ADD-4C72-ACD5-48B5521ABCEA}.Debug|iPhoneSimulator.ActiveCfg = Debug|Any CPU
		{CB930BEE-4ADD-4C72-ACD5-48B5521ABCEA}.Debug|iPhoneSimulator.Build.0 = Debug|Any CPU
		{CB930BEE-4ADD-4C72-ACD5-48B5521ABCEA}.Debug|iPhoneSimulator.Deploy.0 = Debug|Any CPU
		{CB930BEE-4ADD-4C72-ACD5-48B5521ABCEA}.Debug|x64.ActiveCfg = Debug|Any CPU
		{CB930BEE-4ADD-4C72-ACD5-48B5521ABCEA}.Debug|x64.Build.0 = Debug|Any CPU
		{CB930BEE-4ADD-4C72-ACD5-48B5521ABCEA}.Debug|x64.Deploy.0 = Debug|Any CPU
		{CB930BEE-4ADD-4C72-ACD5-48B5521ABCEA}.Debug|x86.ActiveCfg = Debug|Any CPU
		{CB930BEE-4ADD-4C72-ACD5-48B5521ABCEA}.Debug|x86.Build.0 = Debug|Any CPU
		{CB930BEE-4ADD-4C72-ACD5-48B5521ABCEA}.Debug|x86.Deploy.0 = Debug|Any CPU
		{CB930BEE-4ADD-4C72-ACD5-48B5521ABCEA}.Release|Any CPU.ActiveCfg = Release|Any CPU
		{CB930BEE-4ADD-4C72-ACD5-48B5521ABCEA}.Release|Any CPU.Build.0 = Release|Any CPU
		{CB930BEE-4ADD-4C72-ACD5-48B5521ABCEA}.Release|Any CPU.Deploy.0 = Release|Any CPU
		{CB930BEE-4ADD-4C72-ACD5-48B5521ABCEA}.Release|ARM.ActiveCfg = Release|Any CPU
		{CB930BEE-4ADD-4C72-ACD5-48B5521ABCEA}.Release|ARM.Build.0 = Release|Any CPU
		{CB930BEE-4ADD-4C72-ACD5-48B5521ABCEA}.Release|ARM.Deploy.0 = Release|Any CPU
		{CB930BEE-4ADD-4C72-ACD5-48B5521ABCEA}.Release|iPhone.ActiveCfg = Release|Any CPU
		{CB930BEE-4ADD-4C72-ACD5-48B5521ABCEA}.Release|iPhone.Build.0 = Release|Any CPU
		{CB930BEE-4ADD-4C72-ACD5-48B5521ABCEA}.Release|iPhone.Deploy.0 = Release|Any CPU
		{CB930BEE-4ADD-4C72-ACD5-48B5521ABCEA}.Release|iPhoneSimulator.ActiveCfg = Release|Any CPU
		{CB930BEE-4ADD-4C72-ACD5-48B5521ABCEA}.Release|iPhoneSimulator.Build.0 = Release|Any CPU
		{CB930BEE-4ADD-4C72-ACD5-48B5521ABCEA}.Release|iPhoneSimulator.Deploy.0 = Release|Any CPU
		{CB930BEE-4ADD-4C72-ACD5-48B5521ABCEA}.Release|x64.ActiveCfg = Release|Any CPU
		{CB930BEE-4ADD-4C72-ACD5-48B5521ABCEA}.Release|x64.Build.0 = Release|Any CPU
		{CB930BEE-4ADD-4C72-ACD5-48B5521ABCEA}.Release|x64.Deploy.0 = Release|Any CPU
		{CB930BEE-4ADD-4C72-ACD5-48B5521ABCEA}.Release|x86.ActiveCfg = Release|Any CPU
		{CB930BEE-4ADD-4C72-ACD5-48B5521ABCEA}.Release|x86.Build.0 = Release|Any CPU
		{CB930BEE-4ADD-4C72-ACD5-48B5521ABCEA}.Release|x86.Deploy.0 = Release|Any CPU
		{6488F413-A0B3-4416-BBA6-786E8893AF68}.Ad-Hoc|Any CPU.ActiveCfg = Release|Any CPU
		{6488F413-A0B3-4416-BBA6-786E8893AF68}.Ad-Hoc|Any CPU.Build.0 = Release|Any CPU
		{6488F413-A0B3-4416-BBA6-786E8893AF68}.Ad-Hoc|ARM.ActiveCfg = Release|Any CPU
		{6488F413-A0B3-4416-BBA6-786E8893AF68}.Ad-Hoc|ARM.Build.0 = Release|Any CPU
		{6488F413-A0B3-4416-BBA6-786E8893AF68}.Ad-Hoc|iPhone.ActiveCfg = Release|Any CPU
		{6488F413-A0B3-4416-BBA6-786E8893AF68}.Ad-Hoc|iPhone.Build.0 = Release|Any CPU
		{6488F413-A0B3-4416-BBA6-786E8893AF68}.Ad-Hoc|iPhoneSimulator.ActiveCfg = Release|Any CPU
		{6488F413-A0B3-4416-BBA6-786E8893AF68}.Ad-Hoc|iPhoneSimulator.Build.0 = Release|Any CPU
		{6488F413-A0B3-4416-BBA6-786E8893AF68}.Ad-Hoc|x64.ActiveCfg = Release|Any CPU
		{6488F413-A0B3-4416-BBA6-786E8893AF68}.Ad-Hoc|x64.Build.0 = Release|Any CPU
		{6488F413-A0B3-4416-BBA6-786E8893AF68}.Ad-Hoc|x86.ActiveCfg = Release|Any CPU
		{6488F413-A0B3-4416-BBA6-786E8893AF68}.Ad-Hoc|x86.Build.0 = Release|Any CPU
		{6488F413-A0B3-4416-BBA6-786E8893AF68}.AppStore|Any CPU.ActiveCfg = Release|Any CPU
		{6488F413-A0B3-4416-BBA6-786E8893AF68}.AppStore|Any CPU.Build.0 = Release|Any CPU
		{6488F413-A0B3-4416-BBA6-786E8893AF68}.AppStore|ARM.ActiveCfg = Release|Any CPU
		{6488F413-A0B3-4416-BBA6-786E8893AF68}.AppStore|ARM.Build.0 = Release|Any CPU
		{6488F413-A0B3-4416-BBA6-786E8893AF68}.AppStore|iPhone.ActiveCfg = Release|Any CPU
		{6488F413-A0B3-4416-BBA6-786E8893AF68}.AppStore|iPhone.Build.0 = Release|Any CPU
		{6488F413-A0B3-4416-BBA6-786E8893AF68}.AppStore|iPhoneSimulator.ActiveCfg = Release|Any CPU
		{6488F413-A0B3-4416-BBA6-786E8893AF68}.AppStore|iPhoneSimulator.Build.0 = Release|Any CPU
		{6488F413-A0B3-4416-BBA6-786E8893AF68}.AppStore|x64.ActiveCfg = Release|Any CPU
		{6488F413-A0B3-4416-BBA6-786E8893AF68}.AppStore|x64.Build.0 = Release|Any CPU
		{6488F413-A0B3-4416-BBA6-786E8893AF68}.AppStore|x86.ActiveCfg = Release|Any CPU
		{6488F413-A0B3-4416-BBA6-786E8893AF68}.AppStore|x86.Build.0 = Release|Any CPU
		{6488F413-A0B3-4416-BBA6-786E8893AF68}.Debug|Any CPU.ActiveCfg = Debug|Any CPU
		{6488F413-A0B3-4416-BBA6-786E8893AF68}.Debug|Any CPU.Build.0 = Debug|Any CPU
		{6488F413-A0B3-4416-BBA6-786E8893AF68}.Debug|ARM.ActiveCfg = Debug|Any CPU
		{6488F413-A0B3-4416-BBA6-786E8893AF68}.Debug|ARM.Build.0 = Debug|Any CPU
		{6488F413-A0B3-4416-BBA6-786E8893AF68}.Debug|iPhone.ActiveCfg = Debug|Any CPU
		{6488F413-A0B3-4416-BBA6-786E8893AF68}.Debug|iPhone.Build.0 = Debug|Any CPU
		{6488F413-A0B3-4416-BBA6-786E8893AF68}.Debug|iPhoneSimulator.ActiveCfg = Debug|Any CPU
		{6488F413-A0B3-4416-BBA6-786E8893AF68}.Debug|iPhoneSimulator.Build.0 = Debug|Any CPU
		{6488F413-A0B3-4416-BBA6-786E8893AF68}.Debug|x64.ActiveCfg = Debug|Any CPU
		{6488F413-A0B3-4416-BBA6-786E8893AF68}.Debug|x64.Build.0 = Debug|Any CPU
		{6488F413-A0B3-4416-BBA6-786E8893AF68}.Debug|x86.ActiveCfg = Debug|Any CPU
		{6488F413-A0B3-4416-BBA6-786E8893AF68}.Debug|x86.Build.0 = Debug|Any CPU
		{6488F413-A0B3-4416-BBA6-786E8893AF68}.Release|Any CPU.ActiveCfg = Release|Any CPU
		{6488F413-A0B3-4416-BBA6-786E8893AF68}.Release|Any CPU.Build.0 = Release|Any CPU
		{6488F413-A0B3-4416-BBA6-786E8893AF68}.Release|ARM.ActiveCfg = Release|Any CPU
		{6488F413-A0B3-4416-BBA6-786E8893AF68}.Release|ARM.Build.0 = Release|Any CPU
		{6488F413-A0B3-4416-BBA6-786E8893AF68}.Release|iPhone.ActiveCfg = Release|Any CPU
		{6488F413-A0B3-4416-BBA6-786E8893AF68}.Release|iPhone.Build.0 = Release|Any CPU
		{6488F413-A0B3-4416-BBA6-786E8893AF68}.Release|iPhoneSimulator.ActiveCfg = Release|Any CPU
		{6488F413-A0B3-4416-BBA6-786E8893AF68}.Release|iPhoneSimulator.Build.0 = Release|Any CPU
		{6488F413-A0B3-4416-BBA6-786E8893AF68}.Release|x64.ActiveCfg = Release|Any CPU
		{6488F413-A0B3-4416-BBA6-786E8893AF68}.Release|x64.Build.0 = Release|Any CPU
		{6488F413-A0B3-4416-BBA6-786E8893AF68}.Release|x86.ActiveCfg = Release|Any CPU
		{6488F413-A0B3-4416-BBA6-786E8893AF68}.Release|x86.Build.0 = Release|Any CPU
		{2D6A708E-F738-4CD9-9CB3-40952319CCA5}.Ad-Hoc|Any CPU.ActiveCfg = Release|x86
		{2D6A708E-F738-4CD9-9CB3-40952319CCA5}.Ad-Hoc|Any CPU.Build.0 = Release|x86
		{2D6A708E-F738-4CD9-9CB3-40952319CCA5}.Ad-Hoc|Any CPU.Deploy.0 = Release|x86
		{2D6A708E-F738-4CD9-9CB3-40952319CCA5}.Ad-Hoc|ARM.ActiveCfg = Release|ARM
		{2D6A708E-F738-4CD9-9CB3-40952319CCA5}.Ad-Hoc|ARM.Build.0 = Release|ARM
		{2D6A708E-F738-4CD9-9CB3-40952319CCA5}.Ad-Hoc|ARM.Deploy.0 = Release|ARM
		{2D6A708E-F738-4CD9-9CB3-40952319CCA5}.Ad-Hoc|iPhone.ActiveCfg = Release|x86
		{2D6A708E-F738-4CD9-9CB3-40952319CCA5}.Ad-Hoc|iPhone.Build.0 = Release|x86
		{2D6A708E-F738-4CD9-9CB3-40952319CCA5}.Ad-Hoc|iPhone.Deploy.0 = Release|x86
		{2D6A708E-F738-4CD9-9CB3-40952319CCA5}.Ad-Hoc|iPhoneSimulator.ActiveCfg = Release|x86
		{2D6A708E-F738-4CD9-9CB3-40952319CCA5}.Ad-Hoc|iPhoneSimulator.Build.0 = Release|x86
		{2D6A708E-F738-4CD9-9CB3-40952319CCA5}.Ad-Hoc|iPhoneSimulator.Deploy.0 = Release|x86
		{2D6A708E-F738-4CD9-9CB3-40952319CCA5}.Ad-Hoc|x64.ActiveCfg = Release|x64
		{2D6A708E-F738-4CD9-9CB3-40952319CCA5}.Ad-Hoc|x64.Build.0 = Release|x64
		{2D6A708E-F738-4CD9-9CB3-40952319CCA5}.Ad-Hoc|x64.Deploy.0 = Release|x64
		{2D6A708E-F738-4CD9-9CB3-40952319CCA5}.Ad-Hoc|x86.ActiveCfg = Release|x86
		{2D6A708E-F738-4CD9-9CB3-40952319CCA5}.Ad-Hoc|x86.Build.0 = Release|x86
		{2D6A708E-F738-4CD9-9CB3-40952319CCA5}.Ad-Hoc|x86.Deploy.0 = Release|x86
		{2D6A708E-F738-4CD9-9CB3-40952319CCA5}.AppStore|Any CPU.ActiveCfg = Release|x86
		{2D6A708E-F738-4CD9-9CB3-40952319CCA5}.AppStore|Any CPU.Build.0 = Release|x86
		{2D6A708E-F738-4CD9-9CB3-40952319CCA5}.AppStore|Any CPU.Deploy.0 = Release|x86
		{2D6A708E-F738-4CD9-9CB3-40952319CCA5}.AppStore|ARM.ActiveCfg = Release|ARM
		{2D6A708E-F738-4CD9-9CB3-40952319CCA5}.AppStore|ARM.Build.0 = Release|ARM
		{2D6A708E-F738-4CD9-9CB3-40952319CCA5}.AppStore|ARM.Deploy.0 = Release|ARM
		{2D6A708E-F738-4CD9-9CB3-40952319CCA5}.AppStore|iPhone.ActiveCfg = Release|x86
		{2D6A708E-F738-4CD9-9CB3-40952319CCA5}.AppStore|iPhone.Build.0 = Release|x86
		{2D6A708E-F738-4CD9-9CB3-40952319CCA5}.AppStore|iPhone.Deploy.0 = Release|x86
		{2D6A708E-F738-4CD9-9CB3-40952319CCA5}.AppStore|iPhoneSimulator.ActiveCfg = Release|x86
		{2D6A708E-F738-4CD9-9CB3-40952319CCA5}.AppStore|iPhoneSimulator.Build.0 = Release|x86
		{2D6A708E-F738-4CD9-9CB3-40952319CCA5}.AppStore|iPhoneSimulator.Deploy.0 = Release|x86
		{2D6A708E-F738-4CD9-9CB3-40952319CCA5}.AppStore|x64.ActiveCfg = Release|x64
		{2D6A708E-F738-4CD9-9CB3-40952319CCA5}.AppStore|x64.Build.0 = Release|x64
		{2D6A708E-F738-4CD9-9CB3-40952319CCA5}.AppStore|x64.Deploy.0 = Release|x64
		{2D6A708E-F738-4CD9-9CB3-40952319CCA5}.AppStore|x86.ActiveCfg = Release|x86
		{2D6A708E-F738-4CD9-9CB3-40952319CCA5}.AppStore|x86.Build.0 = Release|x86
		{2D6A708E-F738-4CD9-9CB3-40952319CCA5}.AppStore|x86.Deploy.0 = Release|x86
		{2D6A708E-F738-4CD9-9CB3-40952319CCA5}.Debug|Any CPU.ActiveCfg = Debug|x86
		{2D6A708E-F738-4CD9-9CB3-40952319CCA5}.Debug|ARM.ActiveCfg = Debug|ARM
		{2D6A708E-F738-4CD9-9CB3-40952319CCA5}.Debug|ARM.Build.0 = Debug|ARM
		{2D6A708E-F738-4CD9-9CB3-40952319CCA5}.Debug|ARM.Deploy.0 = Debug|ARM
		{2D6A708E-F738-4CD9-9CB3-40952319CCA5}.Debug|iPhone.ActiveCfg = Debug|x86
		{2D6A708E-F738-4CD9-9CB3-40952319CCA5}.Debug|iPhoneSimulator.ActiveCfg = Debug|x86
		{2D6A708E-F738-4CD9-9CB3-40952319CCA5}.Debug|x64.ActiveCfg = Debug|x64
		{2D6A708E-F738-4CD9-9CB3-40952319CCA5}.Debug|x64.Build.0 = Debug|x64
		{2D6A708E-F738-4CD9-9CB3-40952319CCA5}.Debug|x64.Deploy.0 = Debug|x64
		{2D6A708E-F738-4CD9-9CB3-40952319CCA5}.Debug|x86.ActiveCfg = Debug|x86
		{2D6A708E-F738-4CD9-9CB3-40952319CCA5}.Debug|x86.Build.0 = Debug|x86
		{2D6A708E-F738-4CD9-9CB3-40952319CCA5}.Debug|x86.Deploy.0 = Debug|x86
		{2D6A708E-F738-4CD9-9CB3-40952319CCA5}.Release|Any CPU.ActiveCfg = Release|x86
		{2D6A708E-F738-4CD9-9CB3-40952319CCA5}.Release|ARM.ActiveCfg = Release|ARM
		{2D6A708E-F738-4CD9-9CB3-40952319CCA5}.Release|ARM.Build.0 = Release|ARM
		{2D6A708E-F738-4CD9-9CB3-40952319CCA5}.Release|ARM.Deploy.0 = Release|ARM
		{2D6A708E-F738-4CD9-9CB3-40952319CCA5}.Release|iPhone.ActiveCfg = Release|x86
		{2D6A708E-F738-4CD9-9CB3-40952319CCA5}.Release|iPhoneSimulator.ActiveCfg = Release|x86
		{2D6A708E-F738-4CD9-9CB3-40952319CCA5}.Release|x64.ActiveCfg = Release|x64
		{2D6A708E-F738-4CD9-9CB3-40952319CCA5}.Release|x64.Build.0 = Release|x64
		{2D6A708E-F738-4CD9-9CB3-40952319CCA5}.Release|x64.Deploy.0 = Release|x64
		{2D6A708E-F738-4CD9-9CB3-40952319CCA5}.Release|x86.ActiveCfg = Release|x86
		{2D6A708E-F738-4CD9-9CB3-40952319CCA5}.Release|x86.Build.0 = Release|x86
		{2D6A708E-F738-4CD9-9CB3-40952319CCA5}.Release|x86.Deploy.0 = Release|x86
		{212F222E-AF96-4BE8-86D0-420367231D15}.Ad-Hoc|Any CPU.ActiveCfg = Ad-Hoc|iPhone
		{212F222E-AF96-4BE8-86D0-420367231D15}.Ad-Hoc|ARM.ActiveCfg = Ad-Hoc|iPhone
		{212F222E-AF96-4BE8-86D0-420367231D15}.Ad-Hoc|iPhone.ActiveCfg = Ad-Hoc|iPhone
		{212F222E-AF96-4BE8-86D0-420367231D15}.Ad-Hoc|iPhone.Build.0 = Ad-Hoc|iPhone
		{212F222E-AF96-4BE8-86D0-420367231D15}.Ad-Hoc|iPhoneSimulator.ActiveCfg = Ad-Hoc|iPhoneSimulator
		{212F222E-AF96-4BE8-86D0-420367231D15}.Ad-Hoc|iPhoneSimulator.Build.0 = Ad-Hoc|iPhoneSimulator
		{212F222E-AF96-4BE8-86D0-420367231D15}.Ad-Hoc|x64.ActiveCfg = Ad-Hoc|iPhone
		{212F222E-AF96-4BE8-86D0-420367231D15}.Ad-Hoc|x86.ActiveCfg = Ad-Hoc|iPhone
		{212F222E-AF96-4BE8-86D0-420367231D15}.AppStore|Any CPU.ActiveCfg = AppStore|iPhone
		{212F222E-AF96-4BE8-86D0-420367231D15}.AppStore|ARM.ActiveCfg = AppStore|iPhone
		{212F222E-AF96-4BE8-86D0-420367231D15}.AppStore|iPhone.ActiveCfg = AppStore|iPhone
		{212F222E-AF96-4BE8-86D0-420367231D15}.AppStore|iPhone.Build.0 = AppStore|iPhone
		{212F222E-AF96-4BE8-86D0-420367231D15}.AppStore|iPhoneSimulator.ActiveCfg = AppStore|iPhoneSimulator
		{212F222E-AF96-4BE8-86D0-420367231D15}.AppStore|iPhoneSimulator.Build.0 = AppStore|iPhoneSimulator
		{212F222E-AF96-4BE8-86D0-420367231D15}.AppStore|x64.ActiveCfg = AppStore|iPhone
		{212F222E-AF96-4BE8-86D0-420367231D15}.AppStore|x86.ActiveCfg = AppStore|iPhone
		{212F222E-AF96-4BE8-86D0-420367231D15}.Debug|Any CPU.ActiveCfg = Debug|iPhone
		{212F222E-AF96-4BE8-86D0-420367231D15}.Debug|ARM.ActiveCfg = Debug|iPhone
		{212F222E-AF96-4BE8-86D0-420367231D15}.Debug|iPhone.ActiveCfg = Debug|iPhone
		{212F222E-AF96-4BE8-86D0-420367231D15}.Debug|iPhone.Build.0 = Debug|iPhone
		{212F222E-AF96-4BE8-86D0-420367231D15}.Debug|iPhoneSimulator.ActiveCfg = Debug|iPhoneSimulator
		{212F222E-AF96-4BE8-86D0-420367231D15}.Debug|iPhoneSimulator.Build.0 = Debug|iPhoneSimulator
		{212F222E-AF96-4BE8-86D0-420367231D15}.Debug|x64.ActiveCfg = Debug|iPhone
		{212F222E-AF96-4BE8-86D0-420367231D15}.Debug|x86.ActiveCfg = Debug|iPhone
		{212F222E-AF96-4BE8-86D0-420367231D15}.Release|Any CPU.ActiveCfg = Release|iPhone
		{212F222E-AF96-4BE8-86D0-420367231D15}.Release|ARM.ActiveCfg = Release|iPhone
		{212F222E-AF96-4BE8-86D0-420367231D15}.Release|iPhone.ActiveCfg = Release|iPhone
		{212F222E-AF96-4BE8-86D0-420367231D15}.Release|iPhone.Build.0 = Release|iPhone
		{212F222E-AF96-4BE8-86D0-420367231D15}.Release|iPhoneSimulator.ActiveCfg = Release|iPhoneSimulator
		{212F222E-AF96-4BE8-86D0-420367231D15}.Release|iPhoneSimulator.Build.0 = Release|iPhoneSimulator
		{212F222E-AF96-4BE8-86D0-420367231D15}.Release|x64.ActiveCfg = Release|iPhone
		{212F222E-AF96-4BE8-86D0-420367231D15}.Release|x86.ActiveCfg = Release|iPhone
	EndGlobalSection
	GlobalSection(SolutionProperties) = preSolution
		HideSolutionNode = FALSE
	EndGlobalSection
	GlobalSection(ExtensibilityGlobals) = postSolution
		SolutionGuid = {4CBE04AD-6A0A-4F1D-A6F9-E332E32C0F5B}
	EndGlobalSection
EndGlobal
