
Microsoft Visual Studio Solution File, Format Version 12.00
# Visual Studio 15
VisualStudioVersion = 15.0.26730.12
MinimumVisualStudioVersion = 10.0.40219.1
Project("{FAE04EC0-301F-11D3-BF4B-00C04F79EFBC}") = "AppWithSQLite.Android", "AppWithSQLite\AppWithSQLite.Android\AppWithSQLite.Android.csproj", "{E4005FB9-DC33-4395-AAD9-BC7F865346FE}"
EndProject
Project("{FAE04EC0-301F-11D3-BF4B-00C04F79EFBC}") = "AppWithSQLite", "AppWithSQLite\AppWithSQLite\AppWithSQLite.csproj", "{986E314B-7B84-4850-AE4D-E95D8FE42946}"
EndProject
Global
	GlobalSection(SolutionConfigurationPlatforms) = preSolution
		Ad-Hoc|Any CPU = Ad-Hoc|Any CPU
		Ad-Hoc|ARM = Ad-Hoc|ARM
		Ad-Hoc|iPhone = Ad-Hoc|iPhone
		Ad-Hoc|iPhoneSimulator = Ad-Hoc|iPhoneSimulator
		Ad-Hoc|x64 = Ad-Hoc|x64
		Ad-Hoc|x86 = Ad-Hoc|x86
		AppStore|Any CPU = AppStore|Any CPU
		AppStore|ARM = AppStore|ARM
		AppStore|iPhone = AppStore|iPhone
		AppStore|iPhoneSimulator = AppStore|iPhoneSimulator
		AppStore|x64 = AppStore|x64
		AppStore|x86 = AppStore|x86
		Debug|Any CPU = Debug|Any CPU
		Debug|ARM = Debug|ARM
		Debug|iPhone = Debug|iPhone
		Debug|iPhoneSimulator = Debug|iPhoneSimulator
		Debug|x64 = Debug|x64
		Debug|x86 = Debug|x86
		Release|Any CPU = Release|Any CPU
		Release|ARM = Release|ARM
		Release|iPhone = Release|iPhone
		Release|iPhoneSimulator = Release|iPhoneSimulator
		Release|x64 = Release|x64
		Release|x86 = Release|x86
	EndGlobalSection
	GlobalSection(ProjectConfigurationPlatforms) = postSolution
		{E4005FB9-DC33-4395-AAD9-BC7F865346FE}.Ad-Hoc|Any CPU.ActiveCfg = Release|Any CPU
		{E4005FB9-DC33-4395-AAD9-BC7F865346FE}.Ad-Hoc|Any CPU.Build.0 = Release|Any CPU
		{E4005FB9-DC33-4395-AAD9-BC7F865346FE}.Ad-Hoc|Any CPU.Deploy.0 = Release|Any CPU
		{E4005FB9-DC33-4395-AAD9-BC7F865346FE}.Ad-Hoc|ARM.ActiveCfg = Release|Any CPU
		{E4005FB9-DC33-4395-AAD9-BC7F865346FE}.Ad-Hoc|ARM.Build.0 = Release|Any CPU
		{E4005FB9-DC33-4395-AAD9-BC7F865346FE}.Ad-Hoc|ARM.Deploy.0 = Release|Any CPU
		{E4005FB9-DC33-4395-AAD9-BC7F865346FE}.Ad-Hoc|iPhone.ActiveCfg = Release|Any CPU
		{E4005FB9-DC33-4395-AAD9-BC7F865346FE}.Ad-Hoc|iPhone.Build.0 = Release|Any CPU
		{E4005FB9-DC33-4395-AAD9-BC7F865346FE}.Ad-Hoc|iPhone.Deploy.0 = Release|Any CPU
		{E4005FB9-DC33-4395-AAD9-BC7F865346FE}.Ad-Hoc|iPhoneSimulator.ActiveCfg = Release|Any CPU
		{E4005FB9-DC33-4395-AAD9-BC7F865346FE}.Ad-Hoc|iPhoneSimulator.Build.0 = Release|Any CPU
		{E4005FB9-DC33-4395-AAD9-BC7F865346FE}.Ad-Hoc|iPhoneSimulator.Deploy.0 = Release|Any CPU
		{E4005FB9-DC33-4395-AAD9-BC7F865346FE}.Ad-Hoc|x64.ActiveCfg = Release|Any CPU
		{E4005FB9-DC33-4395-AAD9-BC7F865346FE}.Ad-Hoc|x64.Build.0 = Release|Any CPU
		{E4005FB9-DC33-4395-AAD9-BC7F865346FE}.Ad-Hoc|x64.Deploy.0 = Release|Any CPU
		{E4005FB9-DC33-4395-AAD9-BC7F865346FE}.Ad-Hoc|x86.ActiveCfg = Release|Any CPU
		{E4005FB9-DC33-4395-AAD9-BC7F865346FE}.Ad-Hoc|x86.Build.0 = Release|Any CPU
		{E4005FB9-DC33-4395-AAD9-BC7F865346FE}.Ad-Hoc|x86.Deploy.0 = Release|Any CPU
		{E4005FB9-DC33-4395-AAD9-BC7F865346FE}.AppStore|Any CPU.ActiveCfg = Release|Any CPU
		{E4005FB9-DC33-4395-AAD9-BC7F865346FE}.AppStore|Any CPU.Build.0 = Release|Any CPU
		{E4005FB9-DC33-4395-AAD9-BC7F865346FE}.AppStore|Any CPU.Deploy.0 = Release|Any CPU
		{E4005FB9-DC33-4395-AAD9-BC7F865346FE}.AppStore|ARM.ActiveCfg = Release|Any CPU
		{E4005FB9-DC33-4395-AAD9-BC7F865346FE}.AppStore|ARM.Build.0 = Release|Any CPU
		{E4005FB9-DC33-4395-AAD9-BC7F865346FE}.AppStore|ARM.Deploy.0 = Release|Any CPU
		{E4005FB9-DC33-4395-AAD9-BC7F865346FE}.AppStore|iPhone.ActiveCfg = Release|Any CPU
		{E4005FB9-DC33-4395-AAD9-BC7F865346FE}.AppStore|iPhone.Build.0 = Release|Any CPU
		{E4005FB9-DC33-4395-AAD9-BC7F865346FE}.AppStore|iPhone.Deploy.0 = Release|Any CPU
		{E4005FB9-DC33-4395-AAD9-BC7F865346FE}.AppStore|iPhoneSimulator.ActiveCfg = Release|Any CPU
		{E4005FB9-DC33-4395-AAD9-BC7F865346FE}.AppStore|iPhoneSimulator.Build.0 = Release|Any CPU
		{E4005FB9-DC33-4395-AAD9-BC7F865346FE}.AppStore|iPhoneSimulator.Deploy.0 = Release|Any CPU
		{E4005FB9-DC33-4395-AAD9-BC7F865346FE}.AppStore|x64.ActiveCfg = Release|Any CPU
		{E4005FB9-DC33-4395-AAD9-BC7F865346FE}.AppStore|x64.Build.0 = Release|Any CPU
		{E4005FB9-DC33-4395-AAD9-BC7F865346FE}.AppStore|x64.Deploy.0 = Release|Any CPU
		{E4005FB9-DC33-4395-AAD9-BC7F865346FE}.AppStore|x86.ActiveCfg = Release|Any CPU
		{E4005FB9-DC33-4395-AAD9-BC7F865346FE}.AppStore|x86.Build.0 = Release|Any CPU
		{E4005FB9-DC33-4395-AAD9-BC7F865346FE}.AppStore|x86.Deploy.0 = Release|Any CPU
		{E4005FB9-DC33-4395-AAD9-BC7F865346FE}.Debug|Any CPU.ActiveCfg = Debug|Any CPU
		{E4005FB9-DC33-4395-AAD9-BC7F865346FE}.Debug|Any CPU.Build.0 = Debug|Any CPU
		{E4005FB9-DC33-4395-AAD9-BC7F865346FE}.Debug|Any CPU.Deploy.0 = Debug|Any CPU
		{E4005FB9-DC33-4395-AAD9-BC7F865346FE}.Debug|ARM.ActiveCfg = Debug|Any CPU
		{E4005FB9-DC33-4395-AAD9-BC7F865346FE}.Debug|ARM.Build.0 = Debug|Any CPU
		{E4005FB9-DC33-4395-AAD9-BC7F865346FE}.Debug|ARM.Deploy.0 = Debug|Any CPU
		{E4005FB9-DC33-4395-AAD9-BC7F865346FE}.Debug|iPhone.ActiveCfg = Debug|Any CPU
		{E4005FB9-DC33-4395-AAD9-BC7F865346FE}.Debug|iPhone.Build.0 = Debug|Any CPU
		{E4005FB9-DC33-4395-AAD9-BC7F865346FE}.Debug|iPhone.Deploy.0 = Debug|Any CPU
		{E4005FB9-DC33-4395-AAD9-BC7F865346FE}.Debug|iPhoneSimulator.ActiveCfg = Debug|Any CPU
		{E4005FB9-DC33-4395-AAD9-BC7F865346FE}.Debug|iPhoneSimulator.Build.0 = Debug|Any CPU
		{E4005FB9-DC33-4395-AAD9-BC7F865346FE}.Debug|iPhoneSimulator.Deploy.0 = Debug|Any CPU
		{E4005FB9-DC33-4395-AAD9-BC7F865346FE}.Debug|x64.ActiveCfg = Debug|Any CPU
		{E4005FB9-DC33-4395-AAD9-BC7F865346FE}.Debug|x64.Build.0 = Debug|Any CPU
		{E4005FB9-DC33-4395-AAD9-BC7F865346FE}.Debug|x64.Deploy.0 = Debug|Any CPU
		{E4005FB9-DC33-4395-AAD9-BC7F865346FE}.Debug|x86.ActiveCfg = Debug|Any CPU
		{E4005FB9-DC33-4395-AAD9-BC7F865346FE}.Debug|x86.Build.0 = Debug|Any CPU
		{E4005FB9-DC33-4395-AAD9-BC7F865346FE}.Debug|x86.Deploy.0 = Debug|Any CPU
		{E4005FB9-DC33-4395-AAD9-BC7F865346FE}.Release|Any CPU.ActiveCfg = Release|Any CPU
		{E4005FB9-DC33-4395-AAD9-BC7F865346FE}.Release|Any CPU.Build.0 = Release|Any CPU
		{E4005FB9-DC33-4395-AAD9-BC7F865346FE}.Release|Any CPU.Deploy.0 = Release|Any CPU
		{E4005FB9-DC33-4395-AAD9-BC7F865346FE}.Release|ARM.ActiveCfg = Release|Any CPU
		{E4005FB9-DC33-4395-AAD9-BC7F865346FE}.Release|ARM.Build.0 = Release|Any CPU
		{E4005FB9-DC33-4395-AAD9-BC7F865346FE}.Release|ARM.Deploy.0 = Release|Any CPU
		{E4005FB9-DC33-4395-AAD9-BC7F865346FE}.Release|iPhone.ActiveCfg = Release|Any CPU
		{E4005FB9-DC33-4395-AAD9-BC7F865346FE}.Release|iPhone.Build.0 = Release|Any CPU
		{E4005FB9-DC33-4395-AAD9-BC7F865346FE}.Release|iPhone.Deploy.0 = Release|Any CPU
		{E4005FB9-DC33-4395-AAD9-BC7F865346FE}.Release|iPhoneSimulator.ActiveCfg = Release|Any CPU
		{E4005FB9-DC33-4395-AAD9-BC7F865346FE}.Release|iPhoneSimulator.Build.0 = Release|Any CPU
		{E4005FB9-DC33-4395-AAD9-BC7F865346FE}.Release|iPhoneSimulator.Deploy.0 = Release|Any CPU
		{E4005FB9-DC33-4395-AAD9-BC7F865346FE}.Release|x64.ActiveCfg = Release|Any CPU
		{E4005FB9-DC33-4395-AAD9-BC7F865346FE}.Release|x64.Build.0 = Release|Any CPU
		{E4005FB9-DC33-4395-AAD9-BC7F865346FE}.Release|x64.Deploy.0 = Release|Any CPU
		{E4005FB9-DC33-4395-AAD9-BC7F865346FE}.Release|x86.ActiveCfg = Release|Any CPU
		{E4005FB9-DC33-4395-AAD9-BC7F865346FE}.Release|x86.Build.0 = Release|Any CPU
		{E4005FB9-DC33-4395-AAD9-BC7F865346FE}.Release|x86.Deploy.0 = Release|Any CPU
		{986E314B-7B84-4850-AE4D-E95D8FE42946}.Ad-Hoc|Any CPU.ActiveCfg = Release|Any CPU
		{986E314B-7B84-4850-AE4D-E95D8FE42946}.Ad-Hoc|Any CPU.Build.0 = Release|Any CPU
		{986E314B-7B84-4850-AE4D-E95D8FE42946}.Ad-Hoc|ARM.ActiveCfg = Release|Any CPU
		{986E314B-7B84-4850-AE4D-E95D8FE42946}.Ad-Hoc|ARM.Build.0 = Release|Any CPU
		{986E314B-7B84-4850-AE4D-E95D8FE42946}.Ad-Hoc|iPhone.ActiveCfg = Release|Any CPU
		{986E314B-7B84-4850-AE4D-E95D8FE42946}.Ad-Hoc|iPhone.Build.0 = Release|Any CPU
		{986E314B-7B84-4850-AE4D-E95D8FE42946}.Ad-Hoc|iPhoneSimulator.ActiveCfg = Release|Any CPU
		{986E314B-7B84-4850-AE4D-E95D8FE42946}.Ad-Hoc|iPhoneSimulator.Build.0 = Release|Any CPU
		{986E314B-7B84-4850-AE4D-E95D8FE42946}.Ad-Hoc|x64.ActiveCfg = Release|Any CPU
		{986E314B-7B84-4850-AE4D-E95D8FE42946}.Ad-Hoc|x64.Build.0 = Release|Any CPU
		{986E314B-7B84-4850-AE4D-E95D8FE42946}.Ad-Hoc|x86.ActiveCfg = Release|Any CPU
		{986E314B-7B84-4850-AE4D-E95D8FE42946}.Ad-Hoc|x86.Build.0 = Release|Any CPU
		{986E314B-7B84-4850-AE4D-E95D8FE42946}.AppStore|Any CPU.ActiveCfg = Release|Any CPU
		{986E314B-7B84-4850-AE4D-E95D8FE42946}.AppStore|Any CPU.Build.0 = Release|Any CPU
		{986E314B-7B84-4850-AE4D-E95D8FE42946}.AppStore|ARM.ActiveCfg = Release|Any CPU
		{986E314B-7B84-4850-AE4D-E95D8FE42946}.AppStore|ARM.Build.0 = Release|Any CPU
		{986E314B-7B84-4850-AE4D-E95D8FE42946}.AppStore|iPhone.ActiveCfg = Release|Any CPU
		{986E314B-7B84-4850-AE4D-E95D8FE42946}.AppStore|iPhone.Build.0 = Release|Any CPU
		{986E314B-7B84-4850-AE4D-E95D8FE42946}.AppStore|iPhoneSimulator.ActiveCfg = Release|Any CPU
		{986E314B-7B84-4850-AE4D-E95D8FE42946}.AppStore|iPhoneSimulator.Build.0 = Release|Any CPU
		{986E314B-7B84-4850-AE4D-E95D8FE42946}.AppStore|x64.ActiveCfg = Release|Any CPU
		{986E314B-7B84-4850-AE4D-E95D8FE42946}.AppStore|x64.Build.0 = Release|Any CPU
		{986E314B-7B84-4850-AE4D-E95D8FE42946}.AppStore|x86.ActiveCfg = Release|Any CPU
		{986E314B-7B84-4850-AE4D-E95D8FE42946}.AppStore|x86.Build.0 = Release|Any CPU
		{986E314B-7B84-4850-AE4D-E95D8FE42946}.Debug|Any CPU.ActiveCfg = Debug|Any CPU
		{986E314B-7B84-4850-AE4D-E95D8FE42946}.Debug|Any CPU.Build.0 = Debug|Any CPU
		{986E314B-7B84-4850-AE4D-E95D8FE42946}.Debug|ARM.ActiveCfg = Debug|Any CPU
		{986E314B-7B84-4850-AE4D-E95D8FE42946}.Debug|ARM.Build.0 = Debug|Any CPU
		{986E314B-7B84-4850-AE4D-E95D8FE42946}.Debug|iPhone.ActiveCfg = Debug|Any CPU
		{986E314B-7B84-4850-AE4D-E95D8FE42946}.Debug|iPhone.Build.0 = Debug|Any CPU
		{986E314B-7B84-4850-AE4D-E95D8FE42946}.Debug|iPhoneSimulator.ActiveCfg = Debug|Any CPU
		{986E314B-7B84-4850-AE4D-E95D8FE42946}.Debug|iPhoneSimulator.Build.0 = Debug|Any CPU
		{986E314B-7B84-4850-AE4D-E95D8FE42946}.Debug|x64.ActiveCfg = Debug|Any CPU
		{986E314B-7B84-4850-AE4D-E95D8FE42946}.Debug|x64.Build.0 = Debug|Any CPU
		{986E314B-7B84-4850-AE4D-E95D8FE42946}.Debug|x86.ActiveCfg = Debug|Any CPU
		{986E314B-7B84-4850-AE4D-E95D8FE42946}.Debug|x86.Build.0 = Debug|Any CPU
		{986E314B-7B84-4850-AE4D-E95D8FE42946}.Release|Any CPU.ActiveCfg = Release|Any CPU
		{986E314B-7B84-4850-AE4D-E95D8FE42946}.Release|Any CPU.Build.0 = Release|Any CPU
		{986E314B-7B84-4850-AE4D-E95D8FE42946}.Release|ARM.ActiveCfg = Release|Any CPU
		{986E314B-7B84-4850-AE4D-E95D8FE42946}.Release|ARM.Build.0 = Release|Any CPU
		{986E314B-7B84-4850-AE4D-E95D8FE42946}.Release|iPhone.ActiveCfg = Release|Any CPU
		{986E314B-7B84-4850-AE4D-E95D8FE42946}.Release|iPhone.Build.0 = Release|Any CPU
		{986E314B-7B84-4850-AE4D-E95D8FE42946}.Release|iPhoneSimulator.ActiveCfg = Release|Any CPU
		{986E314B-7B84-4850-AE4D-E95D8FE42946}.Release|iPhoneSimulator.Build.0 = Release|Any CPU
		{986E314B-7B84-4850-AE4D-E95D8FE42946}.Release|x64.ActiveCfg = Release|Any CPU
		{986E314B-7B84-4850-AE4D-E95D8FE42946}.Release|x64.Build.0 = Release|Any CPU
		{986E314B-7B84-4850-AE4D-E95D8FE42946}.Release|x86.ActiveCfg = Release|Any CPU
		{986E314B-7B84-4850-AE4D-E95D8FE42946}.Release|x86.Build.0 = Release|Any CPU
	EndGlobalSection
	GlobalSection(SolutionProperties) = preSolution
		HideSolutionNode = FALSE
	EndGlobalSection
	GlobalSection(ExtensibilityGlobals) = postSolution
		SolutionGuid = {04B4851F-86C9-4EC1-B51E-E51BA5F6E4F7}
	EndGlobalSection
EndGlobal
